
Microsoft Visual Studio Solution File, Format Version 12.00
# Visual Studio Version 17
VisualStudioVersion = 17.13.35806.99 d17.13
MinimumVisualStudioVersion = 10.0.40219.1
Project("{FAE04EC0-301F-11D3-BF4B-00C04F79EFBC}") = "test_EmguCv", "test_EmguCv\test_EmguCv.csproj", "{2B163A00-756D-414D-ACC6-E3A6A5ED1BB2}"
EndProject
Project("{FAE04EC0-301F-11D3-BF4B-00C04F79EFBC}") = "CircleDetectorLib", "CircleDetectorLib\CircleDetectorLib.csproj", "{A2B56912-92B8-4DF7-A03C-4F8CAAD044C3}"
EndProject
Global
	GlobalSection(SolutionConfigurationPlatforms) = preSolution
		Debug|Any CPU = Debug|Any CPU
		Release|Any CPU = Release|Any CPU
	EndGlobalSection
	GlobalSection(ProjectConfigurationPlatforms) = postSolution
		{2B163A00-756D-414D-ACC6-E3A6A5ED1BB2}.Debug|Any CPU.ActiveCfg = Debug|Any CPU
		{2B163A00-756D-414D-ACC6-E3A6A5ED1BB2}.Debug|Any CPU.Build.0 = Debug|Any CPU
		{2B163A00-756D-414D-ACC6-E3A6A5ED1BB2}.Release|Any CPU.ActiveCfg = Release|Any CPU
		{2B163A00-756D-414D-ACC6-E3A6A5ED1BB2}.Release|Any CPU.Build.0 = Release|Any CPU
		{A2B56912-92B8-4DF7-A03C-4F8CAAD044C3}.Debug|Any CPU.ActiveCfg = Debug|Any CPU
		{A2B56912-92B8-4DF7-A03C-4F8CAAD044C3}.Debug|Any CPU.Build.0 = Debug|Any CPU
		{A2B56912-92B8-4DF7-A03C-4F8CAAD044C3}.Release|Any CPU.ActiveCfg = Release|Any CPU
		{A2B56912-92B8-4DF7-A03C-4F8CAAD044C3}.Release|Any CPU.Build.0 = Release|Any CPU
	EndGlobalSection
	GlobalSection(SolutionProperties) = preSolution
		HideSolutionNode = FALSE
	EndGlobalSection
	GlobalSection(ExtensibilityGlobals) = postSolution
		SolutionGuid = {85F83C82-9B15-4BAA-AFFB-23E653C0A06D}
	EndGlobalSection
EndGlobal
